<?xml version="1.0" encoding="utf-8"?>
<Project ToolsVersion="4.0" xmlns="http://schemas.microsoft.com/developer/msbuild/2003">
  <ItemGroup>
    <Filter Include="Source Files">
      <UniqueIdentifier>{4FC737F1-C7A5-4376-A066-2A32D752A2FF}</UniqueIdentifier>
      <Extensions>cpp;c;cc;cxx;def;odl;idl;hpj;bat;asm;asmx</Extensions>
    </Filter>
    <Filter Include="Source Files\audio">
      <UniqueIdentifier>{36e6faab-3a79-4934-8f2d-422c3f4d26b6}</UniqueIdentifier>
    </Filter>
    <Filter Include="Source Files\audio\portaudio">
      <UniqueIdentifier>{36fc6079-d338-4d25-b6fc-cff8792cb2e3}</UniqueIdentifier>
    </Filter>
    <Filter Include="Source Files\fft">
      <UniqueIdentifier>{29f032a6-e16a-43d7-bf19-d844370c842f}</UniqueIdentifier>
    </Filter>
    <Filter Include="Source Files\fft\kiss_fft">
      <UniqueIdentifier>{f7633afa-32a9-42cc-8f15-ea724bd621ab}</UniqueIdentifier>
    </Filter>
  </ItemGroup>
  <ItemGroup>
    <ClCompile Include="src\main.cpp">
      <Filter>Source Files</Filter>
    </ClCompile>
    <ClCompile Include="src\audio\audiolayer.cpp">
      <Filter>Source Files\audio</Filter>
    </ClCompile>
    <ClCompile Include="src\audio\ringbuffer.cpp">
      <Filter>Source Files\audio</Filter>
    </ClCompile>
    <ClCompile Include="src\audio\portaudio\pa_layer.cpp">
      <Filter>Source Files\audio\portaudio</Filter>
    </ClCompile>
    <ClCompile Include="src\fft\kiss_fft\kiss_fft.c">
      <Filter>Source Files\fft\kiss_fft</Filter>
    </ClCompile>
    <ClCompile Include="src\fft\fft.cpp">
      <Filter>Source Files\fft</Filter>
    </ClCompile>
    <ClCompile Include="src\app.cpp">
      <Filter>Source Files</Filter>
    </ClCompile>
    <ClCompile Include="src\filter.cpp">
      <Filter>Source Files\audio</Filter>
    </ClCompile>
    <ClCompile Include="src\audio\soundfile.cpp">
      <Filter>Source Files\audio</Filter>
    </ClCompile>
  </ItemGroup>
  <ItemGroup>
    <ClInclude Include="src\Log.hpp">
      <Filter>Source Files</Filter>
    </ClInclude>
    <ClInclude Include="src\audio\audiolayer.h">
      <Filter>Source Files\audio</Filter>
    </ClInclude>
    <ClInclude Include="src\audio\ringbuffer.h">
      <Filter>Source Files\audio</Filter>
    </ClInclude>
    <ClInclude Include="src\audio\portaudio\pa_layer.h">
      <Filter>Source Files\audio\portaudio</Filter>
    </ClInclude>
    <ClInclude Include="src\fft\kiss_fft\kiss_fft.h">
      <Filter>Source Files\fft\kiss_fft</Filter>
    </ClInclude>
    <ClInclude Include="src\fft\kiss_fft\kiss_fft_guts.h">
      <Filter>Source Files\fft\kiss_fft</Filter>
    </ClInclude>
    <ClInclude Include="src\fft\fft.h">
      <Filter>Source Files\fft</Filter>
    </ClInclude>
    <ClInclude Include="src\app.h">
      <Filter>Source Files</Filter>
    </ClInclude>
    <ClInclude Include="src\filter.h">
      <Filter>Source Files\audio</Filter>
    </ClInclude>
    <ClInclude Include="src\common.h">
      <Filter>Source Files</Filter>
    </ClInclude>
    <ClInclude Include="src\audio\soundfile.h">
      <Filter>Source Files\audio</Filter>
    </ClInclude>
  </ItemGroup>
</Project>